
Microsoft Visual Studio Solution File, Format Version 12.00
# Visual Studio 15
VisualStudioVersion = 15.0.28124.53
MinimumVisualStudioVersion = 10.0.40219.1
Project("{9A19103F-16F7-4668-BE54-9A1E7A4F7556}") = "Qmmands", "Qmmands\Qmmands.csproj", "{756B30F0-22C9-4924-95F6-206B26EF5291}"
EndProject
Global
	GlobalSection(SolutionConfigurationPlatforms) = preSolution
		Debug|Any CPU = Debug|Any CPU
		Release|Any CPU = Release|Any CPU
	EndGlobalSection
	GlobalSection(ProjectConfigurationPlatforms) = postSolution
		{756B30F0-22C9-4924-95F6-206B26EF5291}.Debug|Any CPU.ActiveCfg = Debug|Any CPU
		{756B30F0-22C9-4924-95F6-206B26EF5291}.Debug|Any CPU.Build.0 = Debug|Any CPU
		{756B30F0-22C9-4924-95F6-206B26EF5291}.Release|Any CPU.ActiveCfg = Release|Any CPU
		{756B30F0-22C9-4924-95F6-206B26EF5291}.Release|Any CPU.Build.0 = Release|Any CPU
	EndGlobalSection
	GlobalSection(SolutionProperties) = preSolution
		HideSolutionNode = FALSE
	EndGlobalSection
	GlobalSection(ExtensibilityGlobals) = postSolution
		SolutionGuid = {63B19F98-9F37-4CB7-BD17-EE66D90F8206}
	EndGlobalSection
EndGlobal
